
Microsoft Visual Studio Solution File, Format Version 12.00
# Visual Studio Version 17
VisualStudioVersion = 17.14.36623.8 d17.14
MinimumVisualStudioVersion = 10.0.40219.1
Project("{FAE04EC0-301F-11D3-BF4B-00C04F79EFBC}") = "POOII-cibertec-demo", "POOII-cibertec-demo\POOII-cibertec-demo.csproj", "{3DC869B9-4F88-4B7B-8AF7-30B6D66859E5}"
EndProject
Global
	GlobalSection(SolutionConfigurationPlatforms) = preSolution
		Debug|Any CPU = Debug|Any CPU
		Release|Any CPU = Release|Any CPU
	EndGlobalSection
	GlobalSection(ProjectConfigurationPlatforms) = postSolution
		{3DC869B9-4F88-4B7B-8AF7-30B6D66859E5}.Debug|Any CPU.ActiveCfg = Debug|Any CPU
		{3DC869B9-4F88-4B7B-8AF7-30B6D66859E5}.Debug|Any CPU.Build.0 = Debug|Any CPU
		{3DC869B9-4F88-4B7B-8AF7-30B6D66859E5}.Release|Any CPU.ActiveCfg = Release|Any CPU
		{3DC869B9-4F88-4B7B-8AF7-30B6D66859E5}.Release|Any CPU.Build.0 = Release|Any CPU
	EndGlobalSection
	GlobalSection(SolutionProperties) = preSolution
		HideSolutionNode = FALSE
	EndGlobalSection
	GlobalSection(ExtensibilityGlobals) = postSolution
		SolutionGuid = {18FB7B74-69EB-427B-BBF8-C56600CA411E}
	EndGlobalSection
EndGlobal
